
Microsoft Visual Studio Solution File, Format Version 12.00
# Visual Studio Version 17
VisualStudioVersion = 17.1.32319.34
MinimumVisualStudioVersion = 10.0.40219.1
Project("{2150E333-8FDC-42A3-9474-1A3956D46DE8}") = "Practice_2", "Practice_2", "{2A168B5C-466B-4480-8AC9-BA84BF76D3BA}"
EndProject
Project("{9A19103F-16F7-4668-BE54-9A1E7A4F7556}") = "Practice_2.Task_1", "Practice_2\Task_1\Practice_2.Task_1.csproj", "{FD54D6FF-72DB-4088-93A1-13839122CFA8}"
EndProject
Project("{9A19103F-16F7-4668-BE54-9A1E7A4F7556}") = "Practice_2.Task_2", "Practice_2\Practice_2.Task_2\Practice_2.Task_2.csproj", "{16D0D424-1975-4BCB-8A3C-18ED9879BA22}"
EndProject
Project("{9A19103F-16F7-4668-BE54-9A1E7A4F7556}") = "Practice_2.Task_Dop", "Practice_2\Practice_2.Task_Dop\Practice_2.Task_Dop.csproj", "{5E612FF3-B31F-4FD7-A760-C9E8AD71D661}"
EndProject
Project("{2150E333-8FDC-42A3-9474-1A3956D46DE8}") = "Practice_3", "Practice_3", "{22BE97A9-1AB2-4B71-9B69-C431AEC577C7}"
EndProject
Project("{9A19103F-16F7-4668-BE54-9A1E7A4F7556}") = "Practice_3.Task_1", "Practice_3\Practice_3.Task_1\Practice_3.Task_1.csproj", "{2E99F2CC-C27A-4D6D-B2D7-051B833276CA}"
EndProject
Project("{9A19103F-16F7-4668-BE54-9A1E7A4F7556}") = "Practice_3.Task_2", "Practice_3\Practice_3.Task_2\Practice_3.Task_2.csproj", "{2D868DCC-640B-471D-B5EE-3A8D4E29B1C8}"
EndProject
Project("{9A19103F-16F7-4668-BE54-9A1E7A4F7556}") = "Practice_3.Task_3", "Practice_3\Practice_3.Task_3\Practice_3.Task_3.csproj", "{E98A3B7F-3A0C-4D4A-84BF-EDD94632DFFE}"
EndProject
Project("{9A19103F-16F7-4668-BE54-9A1E7A4F7556}") = "Practice_4.Task_1", "Practice_4\Practice_4.Task_1\Practice_4.Task_1.csproj", "{302E9D86-5D56-427C-A052-BA133438204D}"
EndProject
Project("{2150E333-8FDC-42A3-9474-1A3956D46DE8}") = "Practice_4", "Practice_4", "{C932C46E-0FA6-4BEA-ADA2-83F6061F23AD}"
EndProject
Project("{9A19103F-16F7-4668-BE54-9A1E7A4F7556}") = "Practice_4.Task_2", "Practice_4\Practice_4.Task_2\Practice_4.Task_2.csproj", "{4A505272-D4BB-42E6-8A17-87E26DAB970D}"
EndProject
Project("{9A19103F-16F7-4668-BE54-9A1E7A4F7556}") = "Practice_3.Task_4", "Practice_3\Pratice_3.Task_4\Practice_3.Task_4.csproj", "{0706D0F5-A5DF-4DA0-87CA-CC79E93453BB}"
EndProject
Project("{FAE04EC0-301F-11D3-BF4B-00C04F79EFBC}") = "Practice_4.Task_3", "Practice_4.Task_3\Practice_4.Task_3.csproj", "{C65F627C-A5FB-4868-9187-D5CC61C92A74}"
EndProject
Project("{2150E333-8FDC-42A3-9474-1A3956D46DE8}") = "Practice_5", "Practice_5", "{034722E2-D5CA-4997-88B3-85083F87940E}"
EndProject
Project("{9A19103F-16F7-4668-BE54-9A1E7A4F7556}") = "Practice_5.Task_1", "Practice_5\Practice_5.Task_1\Practice_5.Task_1.csproj", "{2971B953-43D2-4491-9E70-7D796FF69B96}"
EndProject
Project("{9A19103F-16F7-4668-BE54-9A1E7A4F7556}") = "Practice_5.Task_2", "Practice_5\Practice_5.Task_2\Practice_5.Task_2.csproj", "{9FF81C80-7B1C-4100-84CE-2BEE8465C14E}"
EndProject
Project("{9A19103F-16F7-4668-BE54-9A1E7A4F7556}") = "Practice_5.Task_3", "Practice_5\Practice_5.Task_3\Practice_5.Task_3.csproj", "{317EF531-D0A0-4143-B617-2A20AEAC1132}"
EndProject
Project("{9A19103F-16F7-4668-BE54-9A1E7A4F7556}") = "Pracice_5.Task_4", "Practice_5\Pracice_5.Task_4\Pracice_5.Task_4.csproj", "{93080610-A02A-456F-B34C-3AF616A8884B}"
EndProject
Project("{9A19103F-16F7-4668-BE54-9A1E7A4F7556}") = "Practice_5.Task_5", "Practice_5\Practice_5.Task_5\Practice_5.Task_5.csproj", "{3756323B-58EB-47E3-8DF7-BCDF031DA2CB}"
EndProject
Project("{2150E333-8FDC-42A3-9474-1A3956D46DE8}") = "Practice_6", "Practice_6", "{CD158F02-2A68-4A87-8966-4CB822A7C537}"
EndProject
Project("{9A19103F-16F7-4668-BE54-9A1E7A4F7556}") = "Practice_6.Task_1", "Practice_6\Practice_6.Task_1\Practice_6.Task_1.csproj", "{DA1533AA-470D-4B49-B37A-7BC805C66DCA}"
EndProject
Project("{9A19103F-16F7-4668-BE54-9A1E7A4F7556}") = "Practice_6.Task_2", "Practice_6\Practice_6.Task_2\Practice_6.Task_2.csproj", "{E13B8511-F2BF-4EA0-B550-D0122D3182F1}"
EndProject
Project("{9A19103F-16F7-4668-BE54-9A1E7A4F7556}") = "Practice_6.Task_4", "Practice_6\Practice_6.Task_4\Practice_6.Task_4.csproj", "{393B1473-ADC4-4D40-A05E-CED9D9EA3E4F}"
EndProject
Project("{9A19103F-16F7-4668-BE54-9A1E7A4F7556}") = "Practice_6.Task_3", "Practice_6\Practice_6.Task_3\Practice_6.Task_3.csproj", "{DD3FCABD-CB3F-40E6-9462-484DE8F81D8C}"
EndProject
Project("{2150E333-8FDC-42A3-9474-1A3956D46DE8}") = "Practice_7", "Practice_7", "{53FA2C0C-64C5-41A8-A7BE-9CD5200D99F6}"
EndProject
Project("{9A19103F-16F7-4668-BE54-9A1E7A4F7556}") = "Practice_7.Task_1", "Practice_7\Practice_7.Task_1\Practice_7.Task_1.csproj", "{D3E22EB4-B235-40AA-9F3A-1EC55B1C967C}"
EndProject
Project("{9A19103F-16F7-4668-BE54-9A1E7A4F7556}") = "Practice_7.Task_2", "Practice_7\Practice_7.Task_2\Practice_7.Task_2.csproj", "{DFE9BB30-CEA4-4AF3-804C-11CB48206AF3}"
EndProject
Project("{9A19103F-16F7-4668-BE54-9A1E7A4F7556}") = "Practice_7.Task_3", "Practice_7\Practice_7.Task_3\Practice_7.Task_3.csproj", "{DA30B9E0-9221-4F6E-ACEB-D4E5B1043FAC}"
EndProject
Project("{2150E333-8FDC-42A3-9474-1A3956D46DE8}") = "Practice_8", "Practice_8", "{919E0A1D-5BDE-4503-8684-3CA4E5E369C6}"
EndProject
Project("{9A19103F-16F7-4668-BE54-9A1E7A4F7556}") = "Practice_8.Task_1", "Practice_8\Practice_8.Task_1\Practice_8.Task_1.csproj", "{7F14274A-5F2E-4914-A084-99D51D67C76A}"
EndProject
Project("{9A19103F-16F7-4668-BE54-9A1E7A4F7556}") = "Practice_8.Task_2", "Practice_8\Practice_8.Task_2\Practice_8.Task_2.csproj", "{A3204B5A-F34F-4C43-BC0B-8CC464D03745}"
EndProject
Project("{2150E333-8FDC-42A3-9474-1A3956D46DE8}") = "Practice_9", "Practice_9", "{01F6490B-E9CC-4EA9-BC90-1A1B2AD2566F}"
EndProject
Project("{9A19103F-16F7-4668-BE54-9A1E7A4F7556}") = "Practice_9.Task_2", "Practice_9\Practice_9.Task_2\Practice_9.Task_2.csproj", "{E3BC9BFE-B7D3-4A1C-AC67-E29E48CFBEEA}"
EndProject
Project("{9A19103F-16F7-4668-BE54-9A1E7A4F7556}") = "Practice_9.Task_1", "Practice_9\Practice_9.Task_1\Practice_9.Task_1.csproj", "{A5C6BFE9-8643-4724-8D17-123605DA9430}"
EndProject
Project("{2150E333-8FDC-42A3-9474-1A3956D46DE8}") = "Practice_10", "Practice_10", "{876FCFE1-A88E-472E-9891-E99CEE19104A}"
EndProject
Project("{9A19103F-16F7-4668-BE54-9A1E7A4F7556}") = "Practice_10.Task_1", "Practice_10\Practice_10.Task_1\Practice_10.Task_1.csproj", "{58C6D8C3-29D6-4E66-AF66-7EA7A9D945D8}"
EndProject
Project("{9A19103F-16F7-4668-BE54-9A1E7A4F7556}") = "Practice_10.Task_2", "Practice_10\Practice_10.Task_2\Practice_10.Task_2.csproj", "{62656501-FB77-476E-A3DF-8590AE592FEC}"
EndProject
Project("{2150E333-8FDC-42A3-9474-1A3956D46DE8}") = "Practice_11", "Practice_11", "{D26F1B1D-0A46-4495-A9F7-8BC19239B869}"
EndProject
Project("{9A19103F-16F7-4668-BE54-9A1E7A4F7556}") = "Practice_11.Task_1", "Practice_11\Practice_11.Task_1\Practice_11.Task_1.csproj", "{A9C192BB-D1CD-4EE2-AD46-BD89DE696E30}"
EndProject
Project("{2150E333-8FDC-42A3-9474-1A3956D46DE8}") = "Practice_12", "Practice_12", "{93BDD432-7F14-45FF-AFE7-E65BF619B00F}"
EndProject
Project("{9A19103F-16F7-4668-BE54-9A1E7A4F7556}") = "Practice_12.Task_1", "Practice_12\Practice_12.Task_1\Practice_12.Task_1.csproj", "{D7C1D88D-CD8B-4B58-AA44-7B3352E864EB}"
EndProject
Project("{9A19103F-16F7-4668-BE54-9A1E7A4F7556}") = "Practice_12.Task_2", "Practice_12\Practice_12.Task_2\Practice_12.Task_2.csproj", "{6E5E956F-690F-45B9-AB7B-2ECA8C467B84}"
EndProject
Project("{9A19103F-16F7-4668-BE54-9A1E7A4F7556}") = "Practice_12.Task_3", "Practice_12\Practice_12.Task_3\Practice_12.Task_3.csproj", "{A21BCE5A-F2C5-460D-99E9-06B0C392AB06}"
EndProject
Project("{2150E333-8FDC-42A3-9474-1A3956D46DE8}") = "Practice_13", "Practice_13", "{53AFBA10-D41B-4D50-96C9-C80AAFEFCDED}"
EndProject
Project("{9A19103F-16F7-4668-BE54-9A1E7A4F7556}") = "Practice_13.Task_1", "Practice_13\Practice_13.Task_1\Practice_13.Task_1.csproj", "{5D4A77D7-4EB7-4939-9C4B-D9053E379611}"
EndProject
Project("{9A19103F-16F7-4668-BE54-9A1E7A4F7556}") = "Practice_13.Task_2", "Practice_13\Practice_13.Task_2\Practice_13.Task_2.csproj", "{42032EA8-9950-4655-A5BF-4F8979612AC6}"
EndProject
Project("{9A19103F-16F7-4668-BE54-9A1E7A4F7556}") = "Practice_13.Task_3", "Practice_13\Practice_13.Task_3\Practice_13.Task_3.csproj", "{299FAA31-7960-4AA4-896D-B90498065C35}"
EndProject
Project("{2150E333-8FDC-42A3-9474-1A3956D46DE8}") = "Practice_14", "Practice_14", "{9DAEF9E3-EC3B-43FF-9259-C3A9FAAB345D}"
EndProject
Project("{9A19103F-16F7-4668-BE54-9A1E7A4F7556}") = "Practice_14.Task_1", "Practice_14\Practice_14.Task_1\Practice_14.Task_1.csproj", "{B5239240-C64F-4881-AD74-8452820D31E0}"
EndProject
Project("{9A19103F-16F7-4668-BE54-9A1E7A4F7556}") = "Practice_14.Task_2", "Practice_14\Practice_14.Task_2\Practice_14.Task_2.csproj", "{9CDF3146-D5F1-4125-B23B-D67CD0B5032D}"
EndProject
Project("{9A19103F-16F7-4668-BE54-9A1E7A4F7556}") = "Practice_14.Task_3", "Practice_14\Practice_14.Task_3\Practice_14.Task_3.csproj", "{9D746B93-96C8-4F94-B6B2-88D0125FBAEF}"
EndProject
Project("{2150E333-8FDC-42A3-9474-1A3956D46DE8}") = "Practice_15", "Practice_15", "{BAAD2BDD-786B-4769-9924-84F9A318EEFC}"
EndProject
Project("{9A19103F-16F7-4668-BE54-9A1E7A4F7556}") = "Practice_15.Task_1", "Practice_15\Practice_15.Task_1\Practice_15.Task_1.csproj", "{F226C0EC-2335-4B12-9447-634748DE54EE}"
EndProject
Project("{9A19103F-16F7-4668-BE54-9A1E7A4F7556}") = "Practice_15.Task_2", "Practice_15\Practice_15.Task_2\Practice_15.Task_2.csproj", "{84D59C51-BE16-423B-8D2A-175054B4070A}"
EndProject
Project("{2150E333-8FDC-42A3-9474-1A3956D46DE8}") = "Practice_16", "Practice_16", "{71BD0786-4CF9-401B-9BF9-CF1E1E9281ED}"
EndProject
Project("{9A19103F-16F7-4668-BE54-9A1E7A4F7556}") = "Practic_16.Task_1", "Practice_16\Practic_16.Task_1\Practic_16.Task_1.csproj", "{C7C4FFCE-844A-4D1C-B3B2-6728DFF6110A}"
EndProject
Project("{9A19103F-16F7-4668-BE54-9A1E7A4F7556}") = "Practice_16.Task_2", "Practice_16\Practice_16.Task_2\Practice_16.Task_2.csproj", "{565CEAB0-0FBB-49C5-B498-5BE3BE296EE5}"
EndProject
Project("{2150E333-8FDC-42A3-9474-1A3956D46DE8}") = "Practice_17", "Practice_17", "{82DADBAD-AB27-45EA-A6CC-DC5BEB374C0E}"
EndProject
Project("{2150E333-8FDC-42A3-9474-1A3956D46DE8}") = "Task_2", "Task_2", "{8B01551A-0003-4511-81AA-CEDB88AECC25}"
EndProject
Project("{9A19103F-16F7-4668-BE54-9A1E7A4F7556}") = "GameLib", "Practice_17\GameLib\GameLib.csproj", "{FA7A1FAA-3348-4E94-A305-2578A0C00424}"
EndProject
Project("{9A19103F-16F7-4668-BE54-9A1E7A4F7556}") = "Practice_17.Task_2", "Practice_17\Practice_17.Task_2\Practice_17.Task_2.csproj", "{8E0B1CAD-8ABC-43EC-9428-D1604C0E7CBC}"
EndProject
Project("{2150E333-8FDC-42A3-9474-1A3956D46DE8}") = "Practice_18", "Practice_18", "{7A281673-62EC-44CE-9933-CF563B679211}"
EndProject
Project("{9A19103F-16F7-4668-BE54-9A1E7A4F7556}") = "Practice_18.Task_1", "Practice_18\Practice_18.Task_1\Practice_18.Task_1.csproj", "{5492F243-F9EB-477D-B6B9-B3F29B8391C6}"
EndProject
Project("{2150E333-8FDC-42A3-9474-1A3956D46DE8}") = "Task_1", "Task_1", "{927997D0-479C-4997-9BF5-6ADF0492E489}"
EndProject
Project("{9A19103F-16F7-4668-BE54-9A1E7A4F7556}") = "MyLib", "Practice_17\MyLib\MyLib.csproj", "{543FC6C3-2167-49AF-A7E2-8289356041D2}"
EndProject
Project("{9A19103F-16F7-4668-BE54-9A1E7A4F7556}") = "Practice_17.Task_1", "Practice_17\Practice_17.Task_1\Practice_17.Task_1.csproj", "{D112D2DD-134C-4E18-BDEA-675619F95540}"
EndProject
Project("{FAE04EC0-301F-11D3-BF4B-00C04F79EFBC}") = "Practice_18.Task_2", "Practice_18\Practice_18.Task_2\Practice_18.Task_2.csproj", "{217A2501-060F-477B-99DC-A16F4361773F}"
EndProject
Global
	GlobalSection(SolutionConfigurationPlatforms) = preSolution
		Debug|Any CPU = Debug|Any CPU
		Release|Any CPU = Release|Any CPU
	EndGlobalSection
	GlobalSection(ProjectConfigurationPlatforms) = postSolution
		{FD54D6FF-72DB-4088-93A1-13839122CFA8}.Debug|Any CPU.ActiveCfg = Debug|Any CPU
		{FD54D6FF-72DB-4088-93A1-13839122CFA8}.Debug|Any CPU.Build.0 = Debug|Any CPU
		{FD54D6FF-72DB-4088-93A1-13839122CFA8}.Release|Any CPU.ActiveCfg = Release|Any CPU
		{FD54D6FF-72DB-4088-93A1-13839122CFA8}.Release|Any CPU.Build.0 = Release|Any CPU
		{16D0D424-1975-4BCB-8A3C-18ED9879BA22}.Debug|Any CPU.ActiveCfg = Debug|Any CPU
		{16D0D424-1975-4BCB-8A3C-18ED9879BA22}.Debug|Any CPU.Build.0 = Debug|Any CPU
		{16D0D424-1975-4BCB-8A3C-18ED9879BA22}.Release|Any CPU.ActiveCfg = Release|Any CPU
		{16D0D424-1975-4BCB-8A3C-18ED9879BA22}.Release|Any CPU.Build.0 = Release|Any CPU
		{5E612FF3-B31F-4FD7-A760-C9E8AD71D661}.Debug|Any CPU.ActiveCfg = Debug|Any CPU
		{5E612FF3-B31F-4FD7-A760-C9E8AD71D661}.Debug|Any CPU.Build.0 = Debug|Any CPU
		{5E612FF3-B31F-4FD7-A760-C9E8AD71D661}.Release|Any CPU.ActiveCfg = Release|Any CPU
		{5E612FF3-B31F-4FD7-A760-C9E8AD71D661}.Release|Any CPU.Build.0 = Release|Any CPU
		{2E99F2CC-C27A-4D6D-B2D7-051B833276CA}.Debug|Any CPU.ActiveCfg = Debug|Any CPU
		{2E99F2CC-C27A-4D6D-B2D7-051B833276CA}.Debug|Any CPU.Build.0 = Debug|Any CPU
		{2E99F2CC-C27A-4D6D-B2D7-051B833276CA}.Release|Any CPU.ActiveCfg = Release|Any CPU
		{2E99F2CC-C27A-4D6D-B2D7-051B833276CA}.Release|Any CPU.Build.0 = Release|Any CPU
		{2D868DCC-640B-471D-B5EE-3A8D4E29B1C8}.Debug|Any CPU.ActiveCfg = Debug|Any CPU
		{2D868DCC-640B-471D-B5EE-3A8D4E29B1C8}.Debug|Any CPU.Build.0 = Debug|Any CPU
		{2D868DCC-640B-471D-B5EE-3A8D4E29B1C8}.Release|Any CPU.ActiveCfg = Release|Any CPU
		{2D868DCC-640B-471D-B5EE-3A8D4E29B1C8}.Release|Any CPU.Build.0 = Release|Any CPU
		{E98A3B7F-3A0C-4D4A-84BF-EDD94632DFFE}.Debug|Any CPU.ActiveCfg = Debug|Any CPU
		{E98A3B7F-3A0C-4D4A-84BF-EDD94632DFFE}.Debug|Any CPU.Build.0 = Debug|Any CPU
		{E98A3B7F-3A0C-4D4A-84BF-EDD94632DFFE}.Release|Any CPU.ActiveCfg = Release|Any CPU
		{E98A3B7F-3A0C-4D4A-84BF-EDD94632DFFE}.Release|Any CPU.Build.0 = Release|Any CPU
		{302E9D86-5D56-427C-A052-BA133438204D}.Debug|Any CPU.ActiveCfg = Debug|Any CPU
		{302E9D86-5D56-427C-A052-BA133438204D}.Debug|Any CPU.Build.0 = Debug|Any CPU
		{302E9D86-5D56-427C-A052-BA133438204D}.Release|Any CPU.ActiveCfg = Release|Any CPU
		{302E9D86-5D56-427C-A052-BA133438204D}.Release|Any CPU.Build.0 = Release|Any CPU
		{4A505272-D4BB-42E6-8A17-87E26DAB970D}.Debug|Any CPU.ActiveCfg = Debug|Any CPU
		{4A505272-D4BB-42E6-8A17-87E26DAB970D}.Debug|Any CPU.Build.0 = Debug|Any CPU
		{4A505272-D4BB-42E6-8A17-87E26DAB970D}.Release|Any CPU.ActiveCfg = Release|Any CPU
		{4A505272-D4BB-42E6-8A17-87E26DAB970D}.Release|Any CPU.Build.0 = Release|Any CPU
		{0706D0F5-A5DF-4DA0-87CA-CC79E93453BB}.Debug|Any CPU.ActiveCfg = Debug|Any CPU
		{0706D0F5-A5DF-4DA0-87CA-CC79E93453BB}.Debug|Any CPU.Build.0 = Debug|Any CPU
		{0706D0F5-A5DF-4DA0-87CA-CC79E93453BB}.Release|Any CPU.ActiveCfg = Release|Any CPU
		{0706D0F5-A5DF-4DA0-87CA-CC79E93453BB}.Release|Any CPU.Build.0 = Release|Any CPU
		{C65F627C-A5FB-4868-9187-D5CC61C92A74}.Debug|Any CPU.ActiveCfg = Debug|Any CPU
		{C65F627C-A5FB-4868-9187-D5CC61C92A74}.Debug|Any CPU.Build.0 = Debug|Any CPU
		{C65F627C-A5FB-4868-9187-D5CC61C92A74}.Release|Any CPU.ActiveCfg = Release|Any CPU
		{C65F627C-A5FB-4868-9187-D5CC61C92A74}.Release|Any CPU.Build.0 = Release|Any CPU
		{2971B953-43D2-4491-9E70-7D796FF69B96}.Debug|Any CPU.ActiveCfg = Debug|Any CPU
		{2971B953-43D2-4491-9E70-7D796FF69B96}.Debug|Any CPU.Build.0 = Debug|Any CPU
		{2971B953-43D2-4491-9E70-7D796FF69B96}.Release|Any CPU.ActiveCfg = Release|Any CPU
		{2971B953-43D2-4491-9E70-7D796FF69B96}.Release|Any CPU.Build.0 = Release|Any CPU
		{9FF81C80-7B1C-4100-84CE-2BEE8465C14E}.Debug|Any CPU.ActiveCfg = Debug|Any CPU
		{9FF81C80-7B1C-4100-84CE-2BEE8465C14E}.Debug|Any CPU.Build.0 = Debug|Any CPU
		{9FF81C80-7B1C-4100-84CE-2BEE8465C14E}.Release|Any CPU.ActiveCfg = Release|Any CPU
		{9FF81C80-7B1C-4100-84CE-2BEE8465C14E}.Release|Any CPU.Build.0 = Release|Any CPU
		{317EF531-D0A0-4143-B617-2A20AEAC1132}.Debug|Any CPU.ActiveCfg = Debug|Any CPU
		{317EF531-D0A0-4143-B617-2A20AEAC1132}.Debug|Any CPU.Build.0 = Debug|Any CPU
		{317EF531-D0A0-4143-B617-2A20AEAC1132}.Release|Any CPU.ActiveCfg = Release|Any CPU
		{317EF531-D0A0-4143-B617-2A20AEAC1132}.Release|Any CPU.Build.0 = Release|Any CPU
		{93080610-A02A-456F-B34C-3AF616A8884B}.Debug|Any CPU.ActiveCfg = Debug|Any CPU
		{93080610-A02A-456F-B34C-3AF616A8884B}.Debug|Any CPU.Build.0 = Debug|Any CPU
		{93080610-A02A-456F-B34C-3AF616A8884B}.Release|Any CPU.ActiveCfg = Release|Any CPU
		{93080610-A02A-456F-B34C-3AF616A8884B}.Release|Any CPU.Build.0 = Release|Any CPU
		{3756323B-58EB-47E3-8DF7-BCDF031DA2CB}.Debug|Any CPU.ActiveCfg = Debug|Any CPU
		{3756323B-58EB-47E3-8DF7-BCDF031DA2CB}.Debug|Any CPU.Build.0 = Debug|Any CPU
		{3756323B-58EB-47E3-8DF7-BCDF031DA2CB}.Release|Any CPU.ActiveCfg = Release|Any CPU
		{3756323B-58EB-47E3-8DF7-BCDF031DA2CB}.Release|Any CPU.Build.0 = Release|Any CPU
		{DA1533AA-470D-4B49-B37A-7BC805C66DCA}.Debug|Any CPU.ActiveCfg = Debug|Any CPU
		{DA1533AA-470D-4B49-B37A-7BC805C66DCA}.Debug|Any CPU.Build.0 = Debug|Any CPU
		{DA1533AA-470D-4B49-B37A-7BC805C66DCA}.Release|Any CPU.ActiveCfg = Release|Any CPU
		{DA1533AA-470D-4B49-B37A-7BC805C66DCA}.Release|Any CPU.Build.0 = Release|Any CPU
		{E13B8511-F2BF-4EA0-B550-D0122D3182F1}.Debug|Any CPU.ActiveCfg = Debug|Any CPU
		{E13B8511-F2BF-4EA0-B550-D0122D3182F1}.Debug|Any CPU.Build.0 = Debug|Any CPU
		{E13B8511-F2BF-4EA0-B550-D0122D3182F1}.Release|Any CPU.ActiveCfg = Release|Any CPU
		{E13B8511-F2BF-4EA0-B550-D0122D3182F1}.Release|Any CPU.Build.0 = Release|Any CPU
		{393B1473-ADC4-4D40-A05E-CED9D9EA3E4F}.Debug|Any CPU.ActiveCfg = Debug|Any CPU
		{393B1473-ADC4-4D40-A05E-CED9D9EA3E4F}.Debug|Any CPU.Build.0 = Debug|Any CPU
		{393B1473-ADC4-4D40-A05E-CED9D9EA3E4F}.Release|Any CPU.ActiveCfg = Release|Any CPU
		{393B1473-ADC4-4D40-A05E-CED9D9EA3E4F}.Release|Any CPU.Build.0 = Release|Any CPU
		{DD3FCABD-CB3F-40E6-9462-484DE8F81D8C}.Debug|Any CPU.ActiveCfg = Debug|Any CPU
		{DD3FCABD-CB3F-40E6-9462-484DE8F81D8C}.Debug|Any CPU.Build.0 = Debug|Any CPU
		{DD3FCABD-CB3F-40E6-9462-484DE8F81D8C}.Release|Any CPU.ActiveCfg = Release|Any CPU
		{DD3FCABD-CB3F-40E6-9462-484DE8F81D8C}.Release|Any CPU.Build.0 = Release|Any CPU
		{D3E22EB4-B235-40AA-9F3A-1EC55B1C967C}.Debug|Any CPU.ActiveCfg = Debug|Any CPU
		{D3E22EB4-B235-40AA-9F3A-1EC55B1C967C}.Debug|Any CPU.Build.0 = Debug|Any CPU
		{D3E22EB4-B235-40AA-9F3A-1EC55B1C967C}.Release|Any CPU.ActiveCfg = Release|Any CPU
		{D3E22EB4-B235-40AA-9F3A-1EC55B1C967C}.Release|Any CPU.Build.0 = Release|Any CPU
		{DFE9BB30-CEA4-4AF3-804C-11CB48206AF3}.Debug|Any CPU.ActiveCfg = Debug|Any CPU
		{DFE9BB30-CEA4-4AF3-804C-11CB48206AF3}.Debug|Any CPU.Build.0 = Debug|Any CPU
		{DFE9BB30-CEA4-4AF3-804C-11CB48206AF3}.Release|Any CPU.ActiveCfg = Release|Any CPU
		{DFE9BB30-CEA4-4AF3-804C-11CB48206AF3}.Release|Any CPU.Build.0 = Release|Any CPU
		{DA30B9E0-9221-4F6E-ACEB-D4E5B1043FAC}.Debug|Any CPU.ActiveCfg = Debug|Any CPU
		{DA30B9E0-9221-4F6E-ACEB-D4E5B1043FAC}.Debug|Any CPU.Build.0 = Debug|Any CPU
		{DA30B9E0-9221-4F6E-ACEB-D4E5B1043FAC}.Release|Any CPU.ActiveCfg = Release|Any CPU
		{DA30B9E0-9221-4F6E-ACEB-D4E5B1043FAC}.Release|Any CPU.Build.0 = Release|Any CPU
		{7F14274A-5F2E-4914-A084-99D51D67C76A}.Debug|Any CPU.ActiveCfg = Debug|Any CPU
		{7F14274A-5F2E-4914-A084-99D51D67C76A}.Debug|Any CPU.Build.0 = Debug|Any CPU
		{7F14274A-5F2E-4914-A084-99D51D67C76A}.Release|Any CPU.ActiveCfg = Release|Any CPU
		{7F14274A-5F2E-4914-A084-99D51D67C76A}.Release|Any CPU.Build.0 = Release|Any CPU
		{A3204B5A-F34F-4C43-BC0B-8CC464D03745}.Debug|Any CPU.ActiveCfg = Debug|Any CPU
		{A3204B5A-F34F-4C43-BC0B-8CC464D03745}.Debug|Any CPU.Build.0 = Debug|Any CPU
		{A3204B5A-F34F-4C43-BC0B-8CC464D03745}.Release|Any CPU.ActiveCfg = Release|Any CPU
		{A3204B5A-F34F-4C43-BC0B-8CC464D03745}.Release|Any CPU.Build.0 = Release|Any CPU
		{E3BC9BFE-B7D3-4A1C-AC67-E29E48CFBEEA}.Debug|Any CPU.ActiveCfg = Debug|Any CPU
		{E3BC9BFE-B7D3-4A1C-AC67-E29E48CFBEEA}.Debug|Any CPU.Build.0 = Debug|Any CPU
		{E3BC9BFE-B7D3-4A1C-AC67-E29E48CFBEEA}.Release|Any CPU.ActiveCfg = Release|Any CPU
		{E3BC9BFE-B7D3-4A1C-AC67-E29E48CFBEEA}.Release|Any CPU.Build.0 = Release|Any CPU
		{A5C6BFE9-8643-4724-8D17-123605DA9430}.Debug|Any CPU.ActiveCfg = Debug|Any CPU
		{A5C6BFE9-8643-4724-8D17-123605DA9430}.Debug|Any CPU.Build.0 = Debug|Any CPU
		{A5C6BFE9-8643-4724-8D17-123605DA9430}.Release|Any CPU.ActiveCfg = Release|Any CPU
		{A5C6BFE9-8643-4724-8D17-123605DA9430}.Release|Any CPU.Build.0 = Release|Any CPU
		{58C6D8C3-29D6-4E66-AF66-7EA7A9D945D8}.Debug|Any CPU.ActiveCfg = Debug|Any CPU
		{58C6D8C3-29D6-4E66-AF66-7EA7A9D945D8}.Debug|Any CPU.Build.0 = Debug|Any CPU
		{58C6D8C3-29D6-4E66-AF66-7EA7A9D945D8}.Release|Any CPU.ActiveCfg = Release|Any CPU
		{58C6D8C3-29D6-4E66-AF66-7EA7A9D945D8}.Release|Any CPU.Build.0 = Release|Any CPU
		{62656501-FB77-476E-A3DF-8590AE592FEC}.Debug|Any CPU.ActiveCfg = Debug|Any CPU
		{62656501-FB77-476E-A3DF-8590AE592FEC}.Debug|Any CPU.Build.0 = Debug|Any CPU
		{62656501-FB77-476E-A3DF-8590AE592FEC}.Release|Any CPU.ActiveCfg = Release|Any CPU
		{62656501-FB77-476E-A3DF-8590AE592FEC}.Release|Any CPU.Build.0 = Release|Any CPU
		{A9C192BB-D1CD-4EE2-AD46-BD89DE696E30}.Debug|Any CPU.ActiveCfg = Debug|Any CPU
		{A9C192BB-D1CD-4EE2-AD46-BD89DE696E30}.Debug|Any CPU.Build.0 = Debug|Any CPU
		{A9C192BB-D1CD-4EE2-AD46-BD89DE696E30}.Release|Any CPU.ActiveCfg = Release|Any CPU
		{A9C192BB-D1CD-4EE2-AD46-BD89DE696E30}.Release|Any CPU.Build.0 = Release|Any CPU
		{D7C1D88D-CD8B-4B58-AA44-7B3352E864EB}.Debug|Any CPU.ActiveCfg = Debug|Any CPU
		{D7C1D88D-CD8B-4B58-AA44-7B3352E864EB}.Debug|Any CPU.Build.0 = Debug|Any CPU
		{D7C1D88D-CD8B-4B58-AA44-7B3352E864EB}.Release|Any CPU.ActiveCfg = Release|Any CPU
		{D7C1D88D-CD8B-4B58-AA44-7B3352E864EB}.Release|Any CPU.Build.0 = Release|Any CPU
		{6E5E956F-690F-45B9-AB7B-2ECA8C467B84}.Debug|Any CPU.ActiveCfg = Debug|Any CPU
		{6E5E956F-690F-45B9-AB7B-2ECA8C467B84}.Debug|Any CPU.Build.0 = Debug|Any CPU
		{6E5E956F-690F-45B9-AB7B-2ECA8C467B84}.Release|Any CPU.ActiveCfg = Release|Any CPU
		{6E5E956F-690F-45B9-AB7B-2ECA8C467B84}.Release|Any CPU.Build.0 = Release|Any CPU
		{A21BCE5A-F2C5-460D-99E9-06B0C392AB06}.Debug|Any CPU.ActiveCfg = Debug|Any CPU
		{A21BCE5A-F2C5-460D-99E9-06B0C392AB06}.Debug|Any CPU.Build.0 = Debug|Any CPU
		{A21BCE5A-F2C5-460D-99E9-06B0C392AB06}.Release|Any CPU.ActiveCfg = Release|Any CPU
		{A21BCE5A-F2C5-460D-99E9-06B0C392AB06}.Release|Any CPU.Build.0 = Release|Any CPU
		{5D4A77D7-4EB7-4939-9C4B-D9053E379611}.Debug|Any CPU.ActiveCfg = Debug|Any CPU
		{5D4A77D7-4EB7-4939-9C4B-D9053E379611}.Debug|Any CPU.Build.0 = Debug|Any CPU
		{5D4A77D7-4EB7-4939-9C4B-D9053E379611}.Release|Any CPU.ActiveCfg = Release|Any CPU
		{5D4A77D7-4EB7-4939-9C4B-D9053E379611}.Release|Any CPU.Build.0 = Release|Any CPU
		{42032EA8-9950-4655-A5BF-4F8979612AC6}.Debug|Any CPU.ActiveCfg = Debug|Any CPU
		{42032EA8-9950-4655-A5BF-4F8979612AC6}.Debug|Any CPU.Build.0 = Debug|Any CPU
		{42032EA8-9950-4655-A5BF-4F8979612AC6}.Release|Any CPU.ActiveCfg = Release|Any CPU
		{42032EA8-9950-4655-A5BF-4F8979612AC6}.Release|Any CPU.Build.0 = Release|Any CPU
		{299FAA31-7960-4AA4-896D-B90498065C35}.Debug|Any CPU.ActiveCfg = Debug|Any CPU
		{299FAA31-7960-4AA4-896D-B90498065C35}.Debug|Any CPU.Build.0 = Debug|Any CPU
		{299FAA31-7960-4AA4-896D-B90498065C35}.Release|Any CPU.ActiveCfg = Release|Any CPU
		{299FAA31-7960-4AA4-896D-B90498065C35}.Release|Any CPU.Build.0 = Release|Any CPU
		{B5239240-C64F-4881-AD74-8452820D31E0}.Debug|Any CPU.ActiveCfg = Debug|Any CPU
		{B5239240-C64F-4881-AD74-8452820D31E0}.Debug|Any CPU.Build.0 = Debug|Any CPU
		{B5239240-C64F-4881-AD74-8452820D31E0}.Release|Any CPU.ActiveCfg = Release|Any CPU
		{B5239240-C64F-4881-AD74-8452820D31E0}.Release|Any CPU.Build.0 = Release|Any CPU
		{9CDF3146-D5F1-4125-B23B-D67CD0B5032D}.Debug|Any CPU.ActiveCfg = Debug|Any CPU
		{9CDF3146-D5F1-4125-B23B-D67CD0B5032D}.Debug|Any CPU.Build.0 = Debug|Any CPU
		{9CDF3146-D5F1-4125-B23B-D67CD0B5032D}.Release|Any CPU.ActiveCfg = Release|Any CPU
		{9CDF3146-D5F1-4125-B23B-D67CD0B5032D}.Release|Any CPU.Build.0 = Release|Any CPU
		{9D746B93-96C8-4F94-B6B2-88D0125FBAEF}.Debug|Any CPU.ActiveCfg = Debug|Any CPU
		{9D746B93-96C8-4F94-B6B2-88D0125FBAEF}.Debug|Any CPU.Build.0 = Debug|Any CPU
		{9D746B93-96C8-4F94-B6B2-88D0125FBAEF}.Release|Any CPU.ActiveCfg = Release|Any CPU
		{9D746B93-96C8-4F94-B6B2-88D0125FBAEF}.Release|Any CPU.Build.0 = Release|Any CPU
		{F226C0EC-2335-4B12-9447-634748DE54EE}.Debug|Any CPU.ActiveCfg = Debug|Any CPU
		{F226C0EC-2335-4B12-9447-634748DE54EE}.Debug|Any CPU.Build.0 = Debug|Any CPU
		{F226C0EC-2335-4B12-9447-634748DE54EE}.Release|Any CPU.ActiveCfg = Release|Any CPU
		{F226C0EC-2335-4B12-9447-634748DE54EE}.Release|Any CPU.Build.0 = Release|Any CPU
		{84D59C51-BE16-423B-8D2A-175054B4070A}.Debug|Any CPU.ActiveCfg = Debug|Any CPU
		{84D59C51-BE16-423B-8D2A-175054B4070A}.Debug|Any CPU.Build.0 = Debug|Any CPU
		{84D59C51-BE16-423B-8D2A-175054B4070A}.Release|Any CPU.ActiveCfg = Release|Any CPU
		{84D59C51-BE16-423B-8D2A-175054B4070A}.Release|Any CPU.Build.0 = Release|Any CPU
		{C7C4FFCE-844A-4D1C-B3B2-6728DFF6110A}.Debug|Any CPU.ActiveCfg = Debug|Any CPU
		{C7C4FFCE-844A-4D1C-B3B2-6728DFF6110A}.Debug|Any CPU.Build.0 = Debug|Any CPU
		{C7C4FFCE-844A-4D1C-B3B2-6728DFF6110A}.Release|Any CPU.ActiveCfg = Release|Any CPU
		{C7C4FFCE-844A-4D1C-B3B2-6728DFF6110A}.Release|Any CPU.Build.0 = Release|Any CPU
		{565CEAB0-0FBB-49C5-B498-5BE3BE296EE5}.Debug|Any CPU.ActiveCfg = Debug|Any CPU
		{565CEAB0-0FBB-49C5-B498-5BE3BE296EE5}.Debug|Any CPU.Build.0 = Debug|Any CPU
		{565CEAB0-0FBB-49C5-B498-5BE3BE296EE5}.Release|Any CPU.ActiveCfg = Release|Any CPU
		{565CEAB0-0FBB-49C5-B498-5BE3BE296EE5}.Release|Any CPU.Build.0 = Release|Any CPU
		{FA7A1FAA-3348-4E94-A305-2578A0C00424}.Debug|Any CPU.ActiveCfg = Debug|Any CPU
		{FA7A1FAA-3348-4E94-A305-2578A0C00424}.Debug|Any CPU.Build.0 = Debug|Any CPU
		{FA7A1FAA-3348-4E94-A305-2578A0C00424}.Release|Any CPU.ActiveCfg = Release|Any CPU
		{FA7A1FAA-3348-4E94-A305-2578A0C00424}.Release|Any CPU.Build.0 = Release|Any CPU
		{8E0B1CAD-8ABC-43EC-9428-D1604C0E7CBC}.Debug|Any CPU.ActiveCfg = Debug|Any CPU
		{8E0B1CAD-8ABC-43EC-9428-D1604C0E7CBC}.Debug|Any CPU.Build.0 = Debug|Any CPU
		{8E0B1CAD-8ABC-43EC-9428-D1604C0E7CBC}.Release|Any CPU.ActiveCfg = Release|Any CPU
		{8E0B1CAD-8ABC-43EC-9428-D1604C0E7CBC}.Release|Any CPU.Build.0 = Release|Any CPU
		{5492F243-F9EB-477D-B6B9-B3F29B8391C6}.Debug|Any CPU.ActiveCfg = Debug|Any CPU
		{5492F243-F9EB-477D-B6B9-B3F29B8391C6}.Debug|Any CPU.Build.0 = Debug|Any CPU
		{5492F243-F9EB-477D-B6B9-B3F29B8391C6}.Release|Any CPU.ActiveCfg = Release|Any CPU
		{5492F243-F9EB-477D-B6B9-B3F29B8391C6}.Release|Any CPU.Build.0 = Release|Any CPU
		{543FC6C3-2167-49AF-A7E2-8289356041D2}.Debug|Any CPU.ActiveCfg = Debug|Any CPU
		{543FC6C3-2167-49AF-A7E2-8289356041D2}.Debug|Any CPU.Build.0 = Debug|Any CPU
		{543FC6C3-2167-49AF-A7E2-8289356041D2}.Release|Any CPU.ActiveCfg = Release|Any CPU
		{543FC6C3-2167-49AF-A7E2-8289356041D2}.Release|Any CPU.Build.0 = Release|Any CPU
		{D112D2DD-134C-4E18-BDEA-675619F95540}.Debug|Any CPU.ActiveCfg = Debug|Any CPU
		{D112D2DD-134C-4E18-BDEA-675619F95540}.Debug|Any CPU.Build.0 = Debug|Any CPU
		{D112D2DD-134C-4E18-BDEA-675619F95540}.Release|Any CPU.ActiveCfg = Release|Any CPU
		{D112D2DD-134C-4E18-BDEA-675619F95540}.Release|Any CPU.Build.0 = Release|Any CPU
		{217A2501-060F-477B-99DC-A16F4361773F}.Debug|Any CPU.ActiveCfg = Debug|Any CPU
		{217A2501-060F-477B-99DC-A16F4361773F}.Debug|Any CPU.Build.0 = Debug|Any CPU
		{217A2501-060F-477B-99DC-A16F4361773F}.Release|Any CPU.ActiveCfg = Release|Any CPU
		{217A2501-060F-477B-99DC-A16F4361773F}.Release|Any CPU.Build.0 = Release|Any CPU
	EndGlobalSection
	GlobalSection(SolutionProperties) = preSolution
		HideSolutionNode = FALSE
	EndGlobalSection
	GlobalSection(NestedProjects) = preSolution
		{FD54D6FF-72DB-4088-93A1-13839122CFA8} = {2A168B5C-466B-4480-8AC9-BA84BF76D3BA}
		{16D0D424-1975-4BCB-8A3C-18ED9879BA22} = {2A168B5C-466B-4480-8AC9-BA84BF76D3BA}
		{5E612FF3-B31F-4FD7-A760-C9E8AD71D661} = {2A168B5C-466B-4480-8AC9-BA84BF76D3BA}
		{2E99F2CC-C27A-4D6D-B2D7-051B833276CA} = {22BE97A9-1AB2-4B71-9B69-C431AEC577C7}
		{2D868DCC-640B-471D-B5EE-3A8D4E29B1C8} = {22BE97A9-1AB2-4B71-9B69-C431AEC577C7}
		{E98A3B7F-3A0C-4D4A-84BF-EDD94632DFFE} = {22BE97A9-1AB2-4B71-9B69-C431AEC577C7}
		{302E9D86-5D56-427C-A052-BA133438204D} = {C932C46E-0FA6-4BEA-ADA2-83F6061F23AD}
		{4A505272-D4BB-42E6-8A17-87E26DAB970D} = {C932C46E-0FA6-4BEA-ADA2-83F6061F23AD}
		{0706D0F5-A5DF-4DA0-87CA-CC79E93453BB} = {22BE97A9-1AB2-4B71-9B69-C431AEC577C7}
		{C65F627C-A5FB-4868-9187-D5CC61C92A74} = {C932C46E-0FA6-4BEA-ADA2-83F6061F23AD}
		{2971B953-43D2-4491-9E70-7D796FF69B96} = {034722E2-D5CA-4997-88B3-85083F87940E}
		{9FF81C80-7B1C-4100-84CE-2BEE8465C14E} = {034722E2-D5CA-4997-88B3-85083F87940E}
		{317EF531-D0A0-4143-B617-2A20AEAC1132} = {034722E2-D5CA-4997-88B3-85083F87940E}
		{93080610-A02A-456F-B34C-3AF616A8884B} = {034722E2-D5CA-4997-88B3-85083F87940E}
		{3756323B-58EB-47E3-8DF7-BCDF031DA2CB} = {034722E2-D5CA-4997-88B3-85083F87940E}
		{DA1533AA-470D-4B49-B37A-7BC805C66DCA} = {CD158F02-2A68-4A87-8966-4CB822A7C537}
		{E13B8511-F2BF-4EA0-B550-D0122D3182F1} = {CD158F02-2A68-4A87-8966-4CB822A7C537}
		{393B1473-ADC4-4D40-A05E-CED9D9EA3E4F} = {CD158F02-2A68-4A87-8966-4CB822A7C537}
		{DD3FCABD-CB3F-40E6-9462-484DE8F81D8C} = {CD158F02-2A68-4A87-8966-4CB822A7C537}
		{D3E22EB4-B235-40AA-9F3A-1EC55B1C967C} = {53FA2C0C-64C5-41A8-A7BE-9CD5200D99F6}
		{DFE9BB30-CEA4-4AF3-804C-11CB48206AF3} = {53FA2C0C-64C5-41A8-A7BE-9CD5200D99F6}
		{DA30B9E0-9221-4F6E-ACEB-D4E5B1043FAC} = {53FA2C0C-64C5-41A8-A7BE-9CD5200D99F6}
		{7F14274A-5F2E-4914-A084-99D51D67C76A} = {919E0A1D-5BDE-4503-8684-3CA4E5E369C6}
		{A3204B5A-F34F-4C43-BC0B-8CC464D03745} = {919E0A1D-5BDE-4503-8684-3CA4E5E369C6}
		{E3BC9BFE-B7D3-4A1C-AC67-E29E48CFBEEA} = {01F6490B-E9CC-4EA9-BC90-1A1B2AD2566F}
		{A5C6BFE9-8643-4724-8D17-123605DA9430} = {01F6490B-E9CC-4EA9-BC90-1A1B2AD2566F}
		{58C6D8C3-29D6-4E66-AF66-7EA7A9D945D8} = {876FCFE1-A88E-472E-9891-E99CEE19104A}
		{62656501-FB77-476E-A3DF-8590AE592FEC} = {876FCFE1-A88E-472E-9891-E99CEE19104A}
		{A9C192BB-D1CD-4EE2-AD46-BD89DE696E30} = {D26F1B1D-0A46-4495-A9F7-8BC19239B869}
		{D7C1D88D-CD8B-4B58-AA44-7B3352E864EB} = {93BDD432-7F14-45FF-AFE7-E65BF619B00F}
		{6E5E956F-690F-45B9-AB7B-2ECA8C467B84} = {93BDD432-7F14-45FF-AFE7-E65BF619B00F}
		{A21BCE5A-F2C5-460D-99E9-06B0C392AB06} = {93BDD432-7F14-45FF-AFE7-E65BF619B00F}
		{5D4A77D7-4EB7-4939-9C4B-D9053E379611} = {53AFBA10-D41B-4D50-96C9-C80AAFEFCDED}
		{42032EA8-9950-4655-A5BF-4F8979612AC6} = {53AFBA10-D41B-4D50-96C9-C80AAFEFCDED}
		{299FAA31-7960-4AA4-896D-B90498065C35} = {53AFBA10-D41B-4D50-96C9-C80AAFEFCDED}
		{B5239240-C64F-4881-AD74-8452820D31E0} = {9DAEF9E3-EC3B-43FF-9259-C3A9FAAB345D}
		{9CDF3146-D5F1-4125-B23B-D67CD0B5032D} = {9DAEF9E3-EC3B-43FF-9259-C3A9FAAB345D}
		{9D746B93-96C8-4F94-B6B2-88D0125FBAEF} = {9DAEF9E3-EC3B-43FF-9259-C3A9FAAB345D}
		{F226C0EC-2335-4B12-9447-634748DE54EE} = {BAAD2BDD-786B-4769-9924-84F9A318EEFC}
		{84D59C51-BE16-423B-8D2A-175054B4070A} = {BAAD2BDD-786B-4769-9924-84F9A318EEFC}
		{C7C4FFCE-844A-4D1C-B3B2-6728DFF6110A} = {71BD0786-4CF9-401B-9BF9-CF1E1E9281ED}
		{565CEAB0-0FBB-49C5-B498-5BE3BE296EE5} = {71BD0786-4CF9-401B-9BF9-CF1E1E9281ED}
		{8B01551A-0003-4511-81AA-CEDB88AECC25} = {82DADBAD-AB27-45EA-A6CC-DC5BEB374C0E}
		{FA7A1FAA-3348-4E94-A305-2578A0C00424} = {8B01551A-0003-4511-81AA-CEDB88AECC25}
		{8E0B1CAD-8ABC-43EC-9428-D1604C0E7CBC} = {8B01551A-0003-4511-81AA-CEDB88AECC25}
		{5492F243-F9EB-477D-B6B9-B3F29B8391C6} = {7A281673-62EC-44CE-9933-CF563B679211}
		{927997D0-479C-4997-9BF5-6ADF0492E489} = {82DADBAD-AB27-45EA-A6CC-DC5BEB374C0E}
		{543FC6C3-2167-49AF-A7E2-8289356041D2} = {927997D0-479C-4997-9BF5-6ADF0492E489}
		{D112D2DD-134C-4E18-BDEA-675619F95540} = {927997D0-479C-4997-9BF5-6ADF0492E489}
		{217A2501-060F-477B-99DC-A16F4361773F} = {7A281673-62EC-44CE-9933-CF563B679211}
	EndGlobalSection
	GlobalSection(ExtensibilityGlobals) = postSolution
		SolutionGuid = {AD0E212A-263C-4CA7-B872-EA9AF02F35C4}
	EndGlobalSection
EndGlobal
